
Microsoft Visual Studio Solution File, Format Version 12.00
# Visual Studio Version 17
VisualStudioVersion = 17.4.33213.308
MinimumVisualStudioVersion = 10.0.40219.1
Project("{FAE04EC0-301F-11D3-BF4B-00C04F79EFBC}") = "SignalRSample", "SignalRSample\SignalRSample.csproj", "{1C7E9960-A5C9-43D4-923C-E7D575AA5786}"
EndProject
Global
	GlobalSection(SolutionConfigurationPlatforms) = preSolution
		Debug|Any CPU = Debug|Any CPU
		Release|Any CPU = Release|Any CPU
	EndGlobalSection
	GlobalSection(ProjectConfigurationPlatforms) = postSolution
		{1C7E9960-A5C9-43D4-923C-E7D575AA5786}.Debug|Any CPU.ActiveCfg = Debug|Any CPU
		{1C7E9960-A5C9-43D4-923C-E7D575AA5786}.Debug|Any CPU.Build.0 = Debug|Any CPU
		{1C7E9960-A5C9-43D4-923C-E7D575AA5786}.Release|Any CPU.ActiveCfg = Release|Any CPU
		{1C7E9960-A5C9-43D4-923C-E7D575AA5786}.Release|Any CPU.Build.0 = Release|Any CPU
	EndGlobalSection
	GlobalSection(SolutionProperties) = preSolution
		HideSolutionNode = FALSE
	EndGlobalSection
	GlobalSection(ExtensibilityGlobals) = postSolution
		SolutionGuid = {5BB106F9-40A4-4A41-9A04-22468B629FCC}
	EndGlobalSection
EndGlobal
